
Microsoft Visual Studio Solution File, Format Version 12.00
# Visual Studio 15
VisualStudioVersion = 15.0.28307.539
MinimumVisualStudioVersion = 10.0.40219.1
Project("{8BC9CEB8-8B4A-11D0-8D11-00A0C91BC942}") = "bilComuuNikNation", "bilComuuNikNation\bilComuuNikNation.vcxproj", "{757A8331-59E4-447C-942A-6C4ED474E5BE}"
EndProject
Global
	GlobalSection(SolutionConfigurationPlatforms) = preSolution
		Debug|x64 = Debug|x64
		Debug|x86 = Debug|x86
		Release|x64 = Release|x64
		Release|x86 = Release|x86
	EndGlobalSection
	GlobalSection(ProjectConfigurationPlatforms) = postSolution
		{757A8331-59E4-447C-942A-6C4ED474E5BE}.Debug|x64.ActiveCfg = Debug|x64
		{757A8331-59E4-447C-942A-6C4ED474E5BE}.Debug|x64.Build.0 = Debug|x64
		{757A8331-59E4-447C-942A-6C4ED474E5BE}.Debug|x86.ActiveCfg = Debug|Win32
		{757A8331-59E4-447C-942A-6C4ED474E5BE}.Debug|x86.Build.0 = Debug|Win32
		{757A8331-59E4-447C-942A-6C4ED474E5BE}.Release|x64.ActiveCfg = Release|x64
		{757A8331-59E4-447C-942A-6C4ED474E5BE}.Release|x64.Build.0 = Release|x64
		{757A8331-59E4-447C-942A-6C4ED474E5BE}.Release|x86.ActiveCfg = Release|Win32
		{757A8331-59E4-447C-942A-6C4ED474E5BE}.Release|x86.Build.0 = Release|Win32
	EndGlobalSection
	GlobalSection(SolutionProperties) = preSolution
		HideSolutionNode = FALSE
	EndGlobalSection
	GlobalSection(ExtensibilityGlobals) = postSolution
		SolutionGuid = {4AF498B2-0A21-42DB-B84C-C732A365DE9E}
	EndGlobalSection
EndGlobal
